
Microsoft Visual Studio Solution File, Format Version 12.00
# Visual Studio Version 17
VisualStudioVersion = 17.5.002.0
MinimumVisualStudioVersion = 10.0.40219.1
Project("{9A19103F-16F7-4668-BE54-9A1E7A4F7556}") = "BasicCameraExample", "BasicCameraExample.csproj", "{AE8279A8-C082-4ED2-9F2C-DB496E6D89BC}"
EndProject
Global
	GlobalSection(SolutionConfigurationPlatforms) = preSolution
		Debug|Any CPU = Debug|Any CPU
		Release|Any CPU = Release|Any CPU
	EndGlobalSection
	GlobalSection(ProjectConfigurationPlatforms) = postSolution
		{AE8279A8-C082-4ED2-9F2C-DB496E6D89BC}.Debug|Any CPU.ActiveCfg = Debug|Any CPU
		{AE8279A8-C082-4ED2-9F2C-DB496E6D89BC}.Debug|Any CPU.Build.0 = Debug|Any CPU
		{AE8279A8-C082-4ED2-9F2C-DB496E6D89BC}.Release|Any CPU.ActiveCfg = Release|Any CPU
		{AE8279A8-C082-4ED2-9F2C-DB496E6D89BC}.Release|Any CPU.Build.0 = Release|Any CPU
	EndGlobalSection
	GlobalSection(SolutionProperties) = preSolution
		HideSolutionNode = FALSE
	EndGlobalSection
	GlobalSection(ExtensibilityGlobals) = postSolution
		SolutionGuid = {91088EF5-D91E-46E7-A8FE-61147B0C0300}
	EndGlobalSection
EndGlobal
